
Microsoft Visual Studio Solution File, Format Version 12.00
# Visual Studio Version 16
VisualStudioVersion = 16.0.31613.86
MinimumVisualStudioVersion = 10.0.40219.1
Project("{2150E333-8FDC-42A3-9474-1A3956D46DE8}") = "Backend", "Backend", "{1BA23CD9-8573-4ADA-B8F7-C25ED97CAF84}"
EndProject
Project("{2150E333-8FDC-42A3-9474-1A3956D46DE8}") = "Frontend", "Frontend", "{6A76FAD2-FF2B-43B9-A9FB-BD522C42C2BF}"
EndProject
Project("{9A19103F-16F7-4668-BE54-9A1E7A4F7556}") = "MaterialesIza", "MaterialesIza\MaterialesIza.csproj", "{B0F3691F-0467-464B-96ED-34C0D7EFD9E5}"
EndProject
Project("{FAE04EC0-301F-11D3-BF4B-00C04F79EFBC}") = "MaterialesIza.UIForms.Android", "MaterialesIza.UIForms\MaterialesIza.UIForms.Android\MaterialesIza.UIForms.Android.csproj", "{B9A7DAFE-8EE7-4455-ABC1-A574D2237A77}"
EndProject
Project("{FAE04EC0-301F-11D3-BF4B-00C04F79EFBC}") = "MaterialesIza.UIForms.iOS", "MaterialesIza.UIForms\MaterialesIza.UIForms.iOS\MaterialesIza.UIForms.iOS.csproj", "{17803E42-7DB9-404D-8277-2CF53D79156C}"
EndProject
Project("{9A19103F-16F7-4668-BE54-9A1E7A4F7556}") = "MaterialesIza.UIForms", "MaterialesIza.UIForms\MaterialesIza.UIForms\MaterialesIza.UIForms.csproj", "{4BDFD707-C266-496C-86C9-9E35431DB9A1}"
EndProject
Project("{FAE04EC0-301F-11D3-BF4B-00C04F79EFBC}") = "MaterialesIza.Common", "MaterialesIza.Common\MaterialesIza.Common.csproj", "{6320911D-BFAD-4D91-8F70-2E6463C52FA6}"
EndProject
Global
	GlobalSection(SolutionConfigurationPlatforms) = preSolution
		Debug|Any CPU = Debug|Any CPU
		Debug|iPhone = Debug|iPhone
		Debug|iPhoneSimulator = Debug|iPhoneSimulator
		Release|Any CPU = Release|Any CPU
		Release|iPhone = Release|iPhone
		Release|iPhoneSimulator = Release|iPhoneSimulator
	EndGlobalSection
	GlobalSection(ProjectConfigurationPlatforms) = postSolution
		{B0F3691F-0467-464B-96ED-34C0D7EFD9E5}.Debug|Any CPU.ActiveCfg = Debug|Any CPU
		{B0F3691F-0467-464B-96ED-34C0D7EFD9E5}.Debug|Any CPU.Build.0 = Debug|Any CPU
		{B0F3691F-0467-464B-96ED-34C0D7EFD9E5}.Debug|iPhone.ActiveCfg = Debug|Any CPU
		{B0F3691F-0467-464B-96ED-34C0D7EFD9E5}.Debug|iPhone.Build.0 = Debug|Any CPU
		{B0F3691F-0467-464B-96ED-34C0D7EFD9E5}.Debug|iPhoneSimulator.ActiveCfg = Debug|Any CPU
		{B0F3691F-0467-464B-96ED-34C0D7EFD9E5}.Debug|iPhoneSimulator.Build.0 = Debug|Any CPU
		{B0F3691F-0467-464B-96ED-34C0D7EFD9E5}.Release|Any CPU.ActiveCfg = Release|Any CPU
		{B0F3691F-0467-464B-96ED-34C0D7EFD9E5}.Release|Any CPU.Build.0 = Release|Any CPU
		{B0F3691F-0467-464B-96ED-34C0D7EFD9E5}.Release|iPhone.ActiveCfg = Release|Any CPU
		{B0F3691F-0467-464B-96ED-34C0D7EFD9E5}.Release|iPhone.Build.0 = Release|Any CPU
		{B0F3691F-0467-464B-96ED-34C0D7EFD9E5}.Release|iPhoneSimulator.ActiveCfg = Release|Any CPU
		{B0F3691F-0467-464B-96ED-34C0D7EFD9E5}.Release|iPhoneSimulator.Build.0 = Release|Any CPU
		{B9A7DAFE-8EE7-4455-ABC1-A574D2237A77}.Debug|Any CPU.ActiveCfg = Debug|Any CPU
		{B9A7DAFE-8EE7-4455-ABC1-A574D2237A77}.Debug|Any CPU.Build.0 = Debug|Any CPU
		{B9A7DAFE-8EE7-4455-ABC1-A574D2237A77}.Debug|Any CPU.Deploy.0 = Debug|Any CPU
		{B9A7DAFE-8EE7-4455-ABC1-A574D2237A77}.Debug|iPhone.ActiveCfg = Debug|Any CPU
		{B9A7DAFE-8EE7-4455-ABC1-A574D2237A77}.Debug|iPhone.Build.0 = Debug|Any CPU
		{B9A7DAFE-8EE7-4455-ABC1-A574D2237A77}.Debug|iPhone.Deploy.0 = Debug|Any CPU
		{B9A7DAFE-8EE7-4455-ABC1-A574D2237A77}.Debug|iPhoneSimulator.ActiveCfg = Debug|Any CPU
		{B9A7DAFE-8EE7-4455-ABC1-A574D2237A77}.Debug|iPhoneSimulator.Build.0 = Debug|Any CPU
		{B9A7DAFE-8EE7-4455-ABC1-A574D2237A77}.Debug|iPhoneSimulator.Deploy.0 = Debug|Any CPU
		{B9A7DAFE-8EE7-4455-ABC1-A574D2237A77}.Release|Any CPU.ActiveCfg = Release|Any CPU
		{B9A7DAFE-8EE7-4455-ABC1-A574D2237A77}.Release|Any CPU.Build.0 = Release|Any CPU
		{B9A7DAFE-8EE7-4455-ABC1-A574D2237A77}.Release|Any CPU.Deploy.0 = Release|Any CPU
		{B9A7DAFE-8EE7-4455-ABC1-A574D2237A77}.Release|iPhone.ActiveCfg = Release|Any CPU
		{B9A7DAFE-8EE7-4455-ABC1-A574D2237A77}.Release|iPhone.Build.0 = Release|Any CPU
		{B9A7DAFE-8EE7-4455-ABC1-A574D2237A77}.Release|iPhone.Deploy.0 = Release|Any CPU
		{B9A7DAFE-8EE7-4455-ABC1-A574D2237A77}.Release|iPhoneSimulator.ActiveCfg = Release|Any CPU
		{B9A7DAFE-8EE7-4455-ABC1-A574D2237A77}.Release|iPhoneSimulator.Build.0 = Release|Any CPU
		{B9A7DAFE-8EE7-4455-ABC1-A574D2237A77}.Release|iPhoneSimulator.Deploy.0 = Release|Any CPU
		{17803E42-7DB9-404D-8277-2CF53D79156C}.Debug|Any CPU.ActiveCfg = Debug|iPhoneSimulator
		{17803E42-7DB9-404D-8277-2CF53D79156C}.Debug|iPhone.ActiveCfg = Debug|iPhone
		{17803E42-7DB9-404D-8277-2CF53D79156C}.Debug|iPhone.Build.0 = Debug|iPhone
		{17803E42-7DB9-404D-8277-2CF53D79156C}.Debug|iPhoneSimulator.ActiveCfg = Debug|iPhoneSimulator
		{17803E42-7DB9-404D-8277-2CF53D79156C}.Debug|iPhoneSimulator.Build.0 = Debug|iPhoneSimulator
		{17803E42-7DB9-404D-8277-2CF53D79156C}.Release|Any CPU.ActiveCfg = Release|iPhoneSimulator
		{17803E42-7DB9-404D-8277-2CF53D79156C}.Release|iPhone.ActiveCfg = Release|iPhone
		{17803E42-7DB9-404D-8277-2CF53D79156C}.Release|iPhone.Build.0 = Release|iPhone
		{17803E42-7DB9-404D-8277-2CF53D79156C}.Release|iPhoneSimulator.ActiveCfg = Release|iPhoneSimulator
		{17803E42-7DB9-404D-8277-2CF53D79156C}.Release|iPhoneSimulator.Build.0 = Release|iPhoneSimulator
		{4BDFD707-C266-496C-86C9-9E35431DB9A1}.Debug|Any CPU.ActiveCfg = Debug|Any CPU
		{4BDFD707-C266-496C-86C9-9E35431DB9A1}.Debug|Any CPU.Build.0 = Debug|Any CPU
		{4BDFD707-C266-496C-86C9-9E35431DB9A1}.Debug|iPhone.ActiveCfg = Debug|Any CPU
		{4BDFD707-C266-496C-86C9-9E35431DB9A1}.Debug|iPhone.Build.0 = Debug|Any CPU
		{4BDFD707-C266-496C-86C9-9E35431DB9A1}.Debug|iPhoneSimulator.ActiveCfg = Debug|Any CPU
		{4BDFD707-C266-496C-86C9-9E35431DB9A1}.Debug|iPhoneSimulator.Build.0 = Debug|Any CPU
		{4BDFD707-C266-496C-86C9-9E35431DB9A1}.Release|Any CPU.ActiveCfg = Release|Any CPU
		{4BDFD707-C266-496C-86C9-9E35431DB9A1}.Release|Any CPU.Build.0 = Release|Any CPU
		{4BDFD707-C266-496C-86C9-9E35431DB9A1}.Release|iPhone.ActiveCfg = Release|Any CPU
		{4BDFD707-C266-496C-86C9-9E35431DB9A1}.Release|iPhone.Build.0 = Release|Any CPU
		{4BDFD707-C266-496C-86C9-9E35431DB9A1}.Release|iPhoneSimulator.ActiveCfg = Release|Any CPU
		{4BDFD707-C266-496C-86C9-9E35431DB9A1}.Release|iPhoneSimulator.Build.0 = Release|Any CPU
		{6320911D-BFAD-4D91-8F70-2E6463C52FA6}.Debug|Any CPU.ActiveCfg = Debug|Any CPU
		{6320911D-BFAD-4D91-8F70-2E6463C52FA6}.Debug|Any CPU.Build.0 = Debug|Any CPU
		{6320911D-BFAD-4D91-8F70-2E6463C52FA6}.Debug|iPhone.ActiveCfg = Debug|Any CPU
		{6320911D-BFAD-4D91-8F70-2E6463C52FA6}.Debug|iPhone.Build.0 = Debug|Any CPU
		{6320911D-BFAD-4D91-8F70-2E6463C52FA6}.Debug|iPhoneSimulator.ActiveCfg = Debug|Any CPU
		{6320911D-BFAD-4D91-8F70-2E6463C52FA6}.Debug|iPhoneSimulator.Build.0 = Debug|Any CPU
		{6320911D-BFAD-4D91-8F70-2E6463C52FA6}.Release|Any CPU.ActiveCfg = Release|Any CPU
		{6320911D-BFAD-4D91-8F70-2E6463C52FA6}.Release|Any CPU.Build.0 = Release|Any CPU
		{6320911D-BFAD-4D91-8F70-2E6463C52FA6}.Release|iPhone.ActiveCfg = Release|Any CPU
		{6320911D-BFAD-4D91-8F70-2E6463C52FA6}.Release|iPhone.Build.0 = Release|Any CPU
		{6320911D-BFAD-4D91-8F70-2E6463C52FA6}.Release|iPhoneSimulator.ActiveCfg = Release|Any CPU
		{6320911D-BFAD-4D91-8F70-2E6463C52FA6}.Release|iPhoneSimulator.Build.0 = Release|Any CPU
	EndGlobalSection
	GlobalSection(SolutionProperties) = preSolution
		HideSolutionNode = FALSE
	EndGlobalSection
	GlobalSection(NestedProjects) = preSolution
		{B0F3691F-0467-464B-96ED-34C0D7EFD9E5} = {1BA23CD9-8573-4ADA-B8F7-C25ED97CAF84}
		{B9A7DAFE-8EE7-4455-ABC1-A574D2237A77} = {6A76FAD2-FF2B-43B9-A9FB-BD522C42C2BF}
		{17803E42-7DB9-404D-8277-2CF53D79156C} = {6A76FAD2-FF2B-43B9-A9FB-BD522C42C2BF}
		{4BDFD707-C266-496C-86C9-9E35431DB9A1} = {6A76FAD2-FF2B-43B9-A9FB-BD522C42C2BF}
	EndGlobalSection
	GlobalSection(ExtensibilityGlobals) = postSolution
		SolutionGuid = {4DC561A2-F5CE-434D-A71B-50A796067B4D}
	EndGlobalSection
EndGlobal
